<?xml version="1.0" encoding="utf-8"?>
<Project ToolsVersion="4.0" xmlns="http://schemas.microsoft.com/developer/msbuild/2003">
  <ItemGroup>
    <Filter Include="Source Files">
      <UniqueIdentifier>{4FC737F1-C7A5-4376-A066-2A32D752A2FF}</UniqueIdentifier>
      <Extensions>cpp;c;cc;cxx;def;odl;idl;hpj;bat;asm;asmx</Extensions>
    </Filter>
    <Filter Include="Resource Files">
      <UniqueIdentifier>{67DA6AB6-F800-4c08-8B7A-83BB121AAD01}</UniqueIdentifier>
      <Extensions>rc;ico;cur;bmp;dlg;rc2;rct;bin;rgs;gif;jpg;jpeg;jpe;resx;tiff;tif;png;wav;mfcribbon-ms</Extensions>
    </Filter>
    <Filter Include="Source Files\ECS">
      <UniqueIdentifier>{4c60fc77-fd15-4ff6-a24a-2130f63734cc}</UniqueIdentifier>
    </Filter>
    <Filter Include="Source Files\Input">
      <UniqueIdentifier>{83dd8a70-30fe-46f3-bde5-a64bca91a950}</UniqueIdentifier>
    </Filter>
    <Filter Include="Source Files\Profiling">
      <UniqueIdentifier>{e37b9d64-d99d-4541-8a3b-872e7723478f}</UniqueIdentifier>
    </Filter>
    <Filter Include="Source Files\Graphics">
      <UniqueIdentifier>{15c459ae-c25d-40a7-a5f7-ef3213f4c71b}</UniqueIdentifier>
    </Filter>
    <Filter Include="Source Files\System">
      <UniqueIdentifier>{76e9b95b-89c9-4a22-8178-40f7cc87a744}</UniqueIdentifier>
    </Filter>
    <Filter Include="Source Files\Profiling\Benchmarking">
      <UniqueIdentifier>{e8473adf-fc4f-423c-8798-aec3b2ed5d6d}</UniqueIdentifier>
    </Filter>
    <Filter Include="Source Files\Profiling\Benchmarking\Memory">
      <UniqueIdentifier>{76051688-2de9-4499-b23d-78e4696b93d0}</UniqueIdentifier>
    </Filter>
    <Filter Include="Source Files\Profiling\Timing">
      <UniqueIdentifier>{58a5e0a6-43a6-45f2-b2c7-9ea71e9f7036}</UniqueIdentifier>
    </Filter>
    <Filter Include="Source Files\System\Threading">
      <UniqueIdentifier>{f7a18410-dda6-4711-ab3e-6120d49a7e74}</UniqueIdentifier>
    </Filter>
    <Filter Include="Source Files\Graphics\Renderer">
      <UniqueIdentifier>{4b0d588c-cf0d-4d66-877d-2b1c5ef98f3c}</UniqueIdentifier>
    </Filter>
    <Filter Include="Source Files\Graphics\Buffers">
      <UniqueIdentifier>{e9431067-58e1-498e-83e9-11c87b682d47}</UniqueIdentifier>
    </Filter>
    <Filter Include="Source Files\Graphics\Camera">
      <UniqueIdentifier>{42b9264f-4777-41d5-8a5c-8cac2f2f0cc8}</UniqueIdentifier>
    </Filter>
    <Filter Include="Source Files\Graphics\Renderer\Shader">
      <UniqueIdentifier>{33765486-aa39-4767-b84f-ba7aab571e21}</UniqueIdentifier>
    </Filter>
    <Filter Include="Source Files\Graphics\Renderer\LowLevel">
      <UniqueIdentifier>{a85e03dd-a64c-4c42-8306-8a3fef293968}</UniqueIdentifier>
    </Filter>
    <Filter Include="Source Files\Graphics\Renderer\LowLevel\Image">
      <UniqueIdentifier>{ed460fd1-21ca-4e4f-a46b-282e171cba42}</UniqueIdentifier>
    </Filter>
    <Filter Include="Source Files\Creatures">
      <UniqueIdentifier>{b2c0ab8f-2568-4f40-8f10-03178b8e972c}</UniqueIdentifier>
    </Filter>
    <Filter Include="Source Files\Creatures\Physics">
      <UniqueIdentifier>{a054c2fc-d92a-4a14-9841-654c2838deb6}</UniqueIdentifier>
    </Filter>
    <Filter Include="Source Files\Creatures\AI">
      <UniqueIdentifier>{5afc59c8-ece9-442e-96b9-d4e6e8848629}</UniqueIdentifier>
    </Filter>
    <Filter Include="Source Files\System\Memory">
      <UniqueIdentifier>{35153a47-9cb6-4fa3-97b7-2a072d36e791}</UniqueIdentifier>
    </Filter>
    <Filter Include="Source Files\Physics">
      <UniqueIdentifier>{f9289999-2260-4d4b-9652-eb70969fac3d}</UniqueIdentifier>
    </Filter>
    <Filter Include="Source Files\Math">
      <UniqueIdentifier>{c59ef4a8-1a60-4024-95c1-cf48d2ddb2d8}</UniqueIdentifier>
    </Filter>
  </ItemGroup>
  <ItemGroup>
    <ClCompile Include="Profiling\MemoryPerf\MemTracker.cpp">
      <Filter>Source Files\Profiling\Benchmarking\Memory</Filter>
    </ClCompile>
    <ClCompile Include="Core\ECS\ECS.cpp">
      <Filter>Source Files\ECS</Filter>
    </ClCompile>
    <ClCompile Include="Core\ECS\ECScomponent.cpp">
      <Filter>Source Files\ECS</Filter>
    </ClCompile>
    <ClCompile Include="Core\ECS\ECSsystem.cpp">
      <Filter>Source Files\ECS</Filter>
    </ClCompile>
    <ClCompile Include="Profiling\SystemInfo.cpp">
      <Filter>Source Files\Profiling</Filter>
    </ClCompile>
    <ClCompile Include="Renderer\LowLevel\OpenGL\OpenGL.cpp">
      <Filter>Source Files\Graphics</Filter>
    </ClCompile>
    <ClCompile Include="..\Bin\glad\src\glad.c">
      <Filter>Source Files\Graphics</Filter>
    </ClCompile>
    <ClCompile Include="Core\Threading\Threadpool.cpp">
      <Filter>Source Files\System\Threading</Filter>
    </ClCompile>
    <ClCompile Include="Core\Threading\TestFunctions.cpp">
      <Filter>Source Files\System\Threading</Filter>
    </ClCompile>
    <ClCompile Include="Core\Application.cpp">
      <Filter>Source Files\System</Filter>
    </ClCompile>
    <ClCompile Include="Renderer\LowLevel\Materials\Image\Textures.cpp">
      <Filter>Source Files\Graphics\Renderer\LowLevel\Image</Filter>
    </ClCompile>
    <ClCompile Include="Renderer\LowLevel\Materials\Image\Bitmap.cpp">
      <Filter>Source Files\Graphics\Renderer\LowLevel\Image</Filter>
    </ClCompile>
    <ClCompile Include="Renderer\LowLevel\OpenGL\UniformBuffer.cpp">
      <Filter>Source Files\Graphics\Buffers</Filter>
    </ClCompile>
    <ClCompile Include="Renderer\LowLevel\OpenGL\Renderer\2DRenderer.cpp">
      <Filter>Source Files\Graphics\Renderer</Filter>
    </ClCompile>
    <ClCompile Include="Renderer\LowLevel\OpenGL\Renderer\Transform.cpp">
      <Filter>Source Files\Graphics\Renderer</Filter>
    </ClCompile>
    <ClCompile Include="Renderer\LowLevel\OpenGL\Camera\Camera.cpp">
      <Filter>Source Files\Graphics\Camera</Filter>
    </ClCompile>
    <ClCompile Include="Renderer\LowLevel\OpenGL\Shader\Shader.cpp">
      <Filter>Source Files\Graphics\Renderer\Shader</Filter>
    </ClCompile>
    <ClCompile Include="Renderer\LowLevel\OpenGL\Renderer\Mesh.cpp">
      <Filter>Source Files\Graphics\Renderer</Filter>
    </ClCompile>
    <ClCompile Include="Renderer\LowLevel\OpenGL\Renderer\GLBuffers.cpp">
      <Filter>Source Files\Graphics\Renderer</Filter>
    </ClCompile>
    <ClCompile Include="Renderer\LowLevel\OpenGL\Camera\Camera2D.cpp">
      <Filter>Source Files\Graphics\Camera</Filter>
    </ClCompile>
    <ClCompile Include="Renderer\LowLevel\OpenGL\Camera\Camera3D.cpp">
      <Filter>Source Files\Graphics\Camera</Filter>
    </ClCompile>
    <ClCompile Include="Core\Utility.cpp">
      <Filter>Source Files\System</Filter>
    </ClCompile>
    <ClCompile Include="Renderer\LowLevel\OpenGL\Renderer\Pipeline.cpp">
      <Filter>Source Files\Graphics\Renderer</Filter>
    </ClCompile>
    <ClCompile Include="Renderer\Layer.cpp">
      <Filter>Source Files\Graphics\Renderer\LowLevel</Filter>
    </ClCompile>
    <ClCompile Include="Core\EventSystem.cpp">
      <Filter>Source Files\Input</Filter>
    </ClCompile>
    <ClCompile Include="Core\Observer.cpp">
      <Filter>Source Files\System</Filter>
    </ClCompile>
    <ClCompile Include="Core\ECS\TestComponents.cpp">
      <Filter>Source Files\ECS</Filter>
    </ClCompile>
    <ClCompile Include="Creatures\Creatures.cpp">
      <Filter>Source Files\Creatures</Filter>
    </ClCompile>
    <ClCompile Include="Creatures\Physics\Springs.cpp">
      <Filter>Source Files\Creatures\Physics</Filter>
    </ClCompile>
    <ClCompile Include="Creatures\AI\Evolution.cpp">
      <Filter>Source Files\Creatures\AI</Filter>
    </ClCompile>
    <ClCompile Include="Creatures\AI\NeuralNetwork.cpp">
      <Filter>Source Files\Creatures\AI</Filter>
    </ClCompile>
    <ClCompile Include="Core\Memory.cpp">
      <Filter>Source Files\System\Memory</Filter>
    </ClCompile>
    <ClCompile Include="Physics\Physics.cpp">
      <Filter>Source Files\Physics</Filter>
    </ClCompile>
    <ClCompile Include="Physics\Quadtree.cpp">
      <Filter>Source Files\Physics</Filter>
    </ClCompile>
    <ClCompile Include="Physics\Colliders.cpp">
      <Filter>Source Files\Physics</Filter>
    </ClCompile>
    <ClCompile Include="Profiling\Timing\Profiling.cpp">
      <Filter>Source Files</Filter>
    </ClCompile>
    <ClCompile Include="Core\Math\Math.cpp">
      <Filter>Source Files\Math</Filter>
    </ClCompile>
    <ClCompile Include="Renderer\LowLevel\OpenGL\Shader\Builtin_Shaders.cpp">
      <Filter>Source Files\Graphics\Renderer\Shader</Filter>
    </ClCompile>
    <ClCompile Include="Renderer\Sprite.cpp">
      <Filter>Source Files\Graphics\Renderer</Filter>
    </ClCompile>
  </ItemGroup>
  <ItemGroup>
    <ClInclude Include="Core\ECS\ECScomponent.h">
      <Filter>Source Files\ECS</Filter>
    </ClInclude>
    <ClInclude Include="Core\ECS\ECSsystem.h">
      <Filter>Source Files\ECS</Filter>
    </ClInclude>
    <ClInclude Include="Core\ECS\ECS.h">
      <Filter>Source Files\ECS</Filter>
    </ClInclude>
    <ClInclude Include="Profiling\SystemInfo.h">
      <Filter>Source Files\Profiling</Filter>
    </ClInclude>
    <ClInclude Include="Profiling\MemoryPerf\MemTracker.h">
      <Filter>Source Files\Profiling\Benchmarking\Memory</Filter>
    </ClInclude>
    <ClInclude Include="Core\Common.h">
      <Filter>Source Files</Filter>
    </ClInclude>
    <ClInclude Include="Profiling\Timing\Benchmark.h">
      <Filter>Source Files\Profiling\Benchmarking</Filter>
    </ClInclude>
    <ClInclude Include="Profiling\Timing\Timer.h">
      <Filter>Source Files\Profiling\Timing</Filter>
    </ClInclude>
    <ClInclude Include="Core\Utility.h">
      <Filter>Source Files\System</Filter>
    </ClInclude>
    <ClInclude Include="Core\Threading\Threadpool.h">
      <Filter>Source Files\System\Threading</Filter>
    </ClInclude>
    <ClInclude Include="Core\Threading\TestFunctions.h">
      <Filter>Source Files\System\Threading</Filter>
    </ClInclude>
    <ClInclude Include="Core\Threading\Future.h">
      <Filter>Source Files\System\Threading</Filter>
    </ClInclude>
    <ClInclude Include="Profiling\RenderUtilities.h">
      <Filter>Source Files\Profiling</Filter>
    </ClInclude>
    <ClInclude Include="Renderer\LowLevel\OpenGL\OpenGL.h">
      <Filter>Source Files\Graphics</Filter>
    </ClInclude>
    <ClInclude Include="Core\Application.h">
      <Filter>Source Files\System</Filter>
    </ClInclude>
    <ClInclude Include="Renderer\LowLevel\Materials\Image\Texture.h">
      <Filter>Source Files\Graphics\Renderer\LowLevel\Image</Filter>
    </ClInclude>
    <ClInclude Include="Renderer\LowLevel\Materials\Image\Bitmap.h">
      <Filter>Source Files\Graphics\Renderer\LowLevel\Image</Filter>
    </ClInclude>
    <ClInclude Include="Renderer\LowLevel\OpenGL\UniformBuffer.h">
      <Filter>Source Files\Graphics\Buffers</Filter>
    </ClInclude>
    <ClInclude Include="Renderer\LowLevel\OpenGL\Renderer\2DRenderer.h">
      <Filter>Source Files\Graphics\Renderer</Filter>
    </ClInclude>
    <ClInclude Include="Renderer\LowLevel\OpenGL\Renderer\Renderer.h">
      <Filter>Source Files\Graphics\Renderer</Filter>
    </ClInclude>
    <ClInclude Include="Renderer\LowLevel\OpenGL\Renderer\Transform.h">
      <Filter>Source Files\Graphics\Renderer</Filter>
    </ClInclude>
    <ClInclude Include="Renderer\LowLevel\OpenGL\Camera\Camera.h">
      <Filter>Source Files\Graphics\Camera</Filter>
    </ClInclude>
    <ClInclude Include="Renderer\LowLevel\OpenGL\Shader\Shader.h">
      <Filter>Source Files\Graphics\Renderer\Shader</Filter>
    </ClInclude>
    <ClInclude Include="Renderer\LowLevel\OpenGL\Renderer\Mesh.h">
      <Filter>Source Files\Graphics\Renderer</Filter>
    </ClInclude>
    <ClInclude Include="Renderer\LowLevel\OpenGL\Renderer\GLBuffers.h">
      <Filter>Source Files\Graphics\Renderer</Filter>
    </ClInclude>
    <ClInclude Include="Renderer\LowLevel\OpenGL\Renderer\GameObject.h">
      <Filter>Source Files\Graphics\Renderer</Filter>
    </ClInclude>
    <ClInclude Include="Renderer\LowLevel\OpenGL\Renderer\Primitives.h">
      <Filter>Source Files\Graphics\Renderer</Filter>
    </ClInclude>
    <ClInclude Include="Renderer\LowLevel\OpenGL\Camera\Camera2D.h">
      <Filter>Source Files\Graphics\Camera</Filter>
    </ClInclude>
    <ClInclude Include="Renderer\LowLevel\OpenGL\Camera\Camera3D.h">
      <Filter>Source Files\Graphics\Camera</Filter>
    </ClInclude>
    <ClInclude Include="Core\Defines.h">
      <Filter>Source Files</Filter>
    </ClInclude>
    <ClInclude Include="Renderer\LowLevel\OpenGL\Renderer\Pipeline.h">
      <Filter>Source Files\Graphics\Renderer</Filter>
    </ClInclude>
    <ClInclude Include="Renderer\Layer.h">
      <Filter>Source Files\Graphics\Renderer\LowLevel</Filter>
    </ClInclude>
    <ClInclude Include="Core\EventSystem.h">
      <Filter>Source Files\Input</Filter>
    </ClInclude>
    <ClInclude Include="Core\Observer.h">
      <Filter>Source Files\System</Filter>
    </ClInclude>
    <ClInclude Include="Core\ECS\TestComponents.h">
      <Filter>Source Files\ECS</Filter>
    </ClInclude>
    <ClInclude Include="Creatures\Creatures.h">
      <Filter>Source Files\Creatures</Filter>
    </ClInclude>
    <ClInclude Include="Creatures\Physics\Springs.h">
      <Filter>Source Files\Creatures\Physics</Filter>
    </ClInclude>
    <ClInclude Include="Creatures\AI\Evolution.h">
      <Filter>Source Files\Creatures\AI</Filter>
    </ClInclude>
    <ClInclude Include="Creatures\AI\NeuralNetwork.h">
      <Filter>Source Files\Creatures\AI</Filter>
    </ClInclude>
    <ClInclude Include="Core\Memory.h">
      <Filter>Source Files\System\Memory</Filter>
    </ClInclude>
    <ClInclude Include="Physics\Physics.h">
      <Filter>Source Files\Physics</Filter>
    </ClInclude>
    <ClInclude Include="Physics\Quadtree.h">
      <Filter>Source Files\Physics</Filter>
    </ClInclude>
    <ClInclude Include="Physics\Colliders.h">
      <Filter>Source Files\Physics</Filter>
    </ClInclude>
    <ClInclude Include="Core\Math\Math.h">
      <Filter>Source Files\Math</Filter>
    </ClInclude>
    <ClInclude Include="Renderer\Sprite.h">
      <Filter>Source Files\Graphics\Renderer</Filter>
    </ClInclude>
  </ItemGroup>
  <ItemGroup>
    <Text Include="Trash.txt">
      <Filter>Resource Files</Filter>
    </Text>
  </ItemGroup>
  <ItemGroup>
    <None Include="Resources\Shaders\BasicShader.sfx">
      <Filter>Resource Files</Filter>
    </None>
    <None Include="Resources\Shaders\Blur.sfx">
      <Filter>Resource Files</Filter>
    </None>
    <None Include="Resources\Shaders\Collider.sfx">
      <Filter>Resource Files</Filter>
    </None>
    <None Include="Resources\Shaders\ColorShader.sfx">
      <Filter>Resource Files</Filter>
    </None>
    <None Include="Resources\Shaders\Debug.sfx">
      <Filter>Resource Files</Filter>
    </None>
    <None Include="Resources\Shaders\DebugQuad.sfx">
      <Filter>Resource Files</Filter>
    </None>
    <None Include="Resources\Shaders\Example.sfx">
      <Filter>Resource Files</Filter>
    </None>
    <None Include="Resources\Shaders\GodRays.sfx">
      <Filter>Resource Files</Filter>
    </None>
    <None Include="Resources\Shaders\LightShader.sfx">
      <Filter>Resource Files</Filter>
    </None>
    <None Include="Resources\Shaders\Preblur.sfx">
      <Filter>Resource Files</Filter>
    </None>
    <None Include="Resources\Shaders\Shadow.sfx">
      <Filter>Resource Files</Filter>
    </None>
    <None Include="Resources\Shaders\Simple.sfx">
      <Filter>Resource Files</Filter>
    </None>
    <None Include="Resources\Shaders\Skybox.sfx">
      <Filter>Resource Files</Filter>
    </None>
    <None Include="Resources\Shaders\Sprite.sfx">
      <Filter>Resource Files</Filter>
    </None>
  </ItemGroup>
</Project>