<?xml version="1.0" encoding="utf-8"?>
<Project ToolsVersion="4.0" xmlns="http://schemas.microsoft.com/developer/msbuild/2003">
  <ItemGroup>
    <Filter Include="Source Files">
      <UniqueIdentifier>{4FC737F1-C7A5-4376-A066-2A32D752A2FF}</UniqueIdentifier>
      <Extensions>cpp;c;cc;cxx;def;odl;idl;hpj;bat;asm;asmx</Extensions>
    </Filter>
    <Filter Include="Resource Files">
      <UniqueIdentifier>{67DA6AB6-F800-4c08-8B7A-83BB121AAD01}</UniqueIdentifier>
      <Extensions>rc;ico;cur;bmp;dlg;rc2;rct;bin;rgs;gif;jpg;jpeg;jpe;resx;tiff;tif;png;wav;mfcribbon-ms</Extensions>
    </Filter>
    <Filter Include="Source Files\ECS">
      <UniqueIdentifier>{4c60fc77-fd15-4ff6-a24a-2130f63734cc}</UniqueIdentifier>
    </Filter>
    <Filter Include="Source Files\Input">
      <UniqueIdentifier>{83dd8a70-30fe-46f3-bde5-a64bca91a950}</UniqueIdentifier>
    </Filter>
    <Filter Include="Source Files\Profiling">
      <UniqueIdentifier>{e37b9d64-d99d-4541-8a3b-872e7723478f}</UniqueIdentifier>
    </Filter>
    <Filter Include="Source Files\Graphics">
      <UniqueIdentifier>{15c459ae-c25d-40a7-a5f7-ef3213f4c71b}</UniqueIdentifier>
    </Filter>
    <Filter Include="Source Files\System">
      <UniqueIdentifier>{76e9b95b-89c9-4a22-8178-40f7cc87a744}</UniqueIdentifier>
    </Filter>
    <Filter Include="Source Files\Profiling\Benchmarking">
      <UniqueIdentifier>{e8473adf-fc4f-423c-8798-aec3b2ed5d6d}</UniqueIdentifier>
    </Filter>
    <Filter Include="Source Files\Profiling\Benchmarking\Memory">
      <UniqueIdentifier>{76051688-2de9-4499-b23d-78e4696b93d0}</UniqueIdentifier>
    </Filter>
    <Filter Include="Source Files\Profiling\Timing">
      <UniqueIdentifier>{58a5e0a6-43a6-45f2-b2c7-9ea71e9f7036}</UniqueIdentifier>
    </Filter>
    <Filter Include="Source Files\System\Threading">
      <UniqueIdentifier>{f7a18410-dda6-4711-ab3e-6120d49a7e74}</UniqueIdentifier>
    </Filter>
  </ItemGroup>
  <ItemGroup>
    <ClCompile Include="main.cpp">
      <Filter>Source Files</Filter>
    </ClCompile>
    <ClCompile Include="Profiling\MemoryPerf\MemTracker.cpp">
      <Filter>Source Files\Profiling\Benchmarking\Memory</Filter>
    </ClCompile>
    <ClCompile Include="Core\ECS\ECS.cpp">
      <Filter>Source Files\ECS</Filter>
    </ClCompile>
    <ClCompile Include="Core\ECS\ECScomponent.cpp">
      <Filter>Source Files\ECS</Filter>
    </ClCompile>
    <ClCompile Include="Core\ECS\ECSsystem.cpp">
      <Filter>Source Files\ECS</Filter>
    </ClCompile>
    <ClCompile Include="FrontEnd\GUI\EventSystem.cpp">
      <Filter>Source Files\Input</Filter>
    </ClCompile>
    <ClCompile Include="FrontEnd\Input.cpp">
      <Filter>Source Files\Input</Filter>
    </ClCompile>
    <ClCompile Include="Profiling\SystemInfo.cpp">
      <Filter>Source Files\Profiling</Filter>
    </ClCompile>
    <ClCompile Include="Renderer\LowLevel\OpenGL\OpenGL.cpp">
      <Filter>Source Files\Graphics</Filter>
    </ClCompile>
    <ClCompile Include="Renderer\LowLevel\OpenGL\UniformBuffer.cpp">
      <Filter>Source Files\Graphics</Filter>
    </ClCompile>
    <ClCompile Include="Renderer\LowLevel\Materials\Image\Textures.cpp">
      <Filter>Source Files\Graphics</Filter>
    </ClCompile>
    <ClCompile Include="..\Bin\glad\src\glad.c">
      <Filter>Source Files\Graphics</Filter>
    </ClCompile>
    <ClCompile Include="Core\Threading\Threadpool.cpp">
      <Filter>Source Files\System\Threading</Filter>
    </ClCompile>
    <ClCompile Include="Core\Threading\TestFunctions.cpp">
      <Filter>Source Files\System\Threading</Filter>
    </ClCompile>
    <ClCompile Include="Renderer\LowLevel\Materials\Image\Bitmap.cpp">
      <Filter>Source Files\Graphics</Filter>
    </ClCompile>
  </ItemGroup>
  <ItemGroup>
    <ClInclude Include="Renderer\LowLevel\OpenGL\UniformBuffer.h">
      <Filter>Source Files\Graphics</Filter>
    </ClInclude>
    <ClInclude Include="Renderer\LowLevel\Materials\Image\Texture.h">
      <Filter>Source Files\Graphics</Filter>
    </ClInclude>
    <ClInclude Include="Renderer\LowLevel\Materials\Image\Bitmap.h">
      <Filter>Source Files\Graphics</Filter>
    </ClInclude>
    <ClInclude Include="Core\ECS\ECScomponent.h">
      <Filter>Source Files\ECS</Filter>
    </ClInclude>
    <ClInclude Include="Core\ECS\ECSsystem.h">
      <Filter>Source Files\ECS</Filter>
    </ClInclude>
    <ClInclude Include="Core\ECS\ECS.h">
      <Filter>Source Files\ECS</Filter>
    </ClInclude>
    <ClInclude Include="FrontEnd\GUI\EventSystem.h">
      <Filter>Source Files\Input</Filter>
    </ClInclude>
    <ClInclude Include="FrontEnd\Input.h">
      <Filter>Source Files\Input</Filter>
    </ClInclude>
    <ClInclude Include="Profiling\SystemInfo.h">
      <Filter>Source Files\Profiling</Filter>
    </ClInclude>
    <ClInclude Include="Profiling\MemoryPerf\MemTracker.h">
      <Filter>Source Files\Profiling\Benchmarking\Memory</Filter>
    </ClInclude>
    <ClInclude Include="Core\Common.h">
      <Filter>Source Files</Filter>
    </ClInclude>
    <ClInclude Include="Profiling\Timing\Benchmark.h">
      <Filter>Source Files\Profiling\Benchmarking</Filter>
    </ClInclude>
    <ClInclude Include="Profiling\Timing\Timer.h">
      <Filter>Source Files\Profiling\Timing</Filter>
    </ClInclude>
    <ClInclude Include="Core\Utility.h">
      <Filter>Source Files\System</Filter>
    </ClInclude>
    <ClInclude Include="Core\Threading\Threadpool.h">
      <Filter>Source Files\System\Threading</Filter>
    </ClInclude>
    <ClInclude Include="Core\Threading\TestFunctions.h">
      <Filter>Source Files\System\Threading</Filter>
    </ClInclude>
    <ClInclude Include="Core\Defines.h">
      <Filter>Source Files\System</Filter>
    </ClInclude>
    <ClInclude Include="Core\Threading\Future.h">
      <Filter>Source Files\System\Threading</Filter>
    </ClInclude>
    <ClInclude Include="Profiling\RenderUtilities.h">
      <Filter>Source Files\Profiling</Filter>
    </ClInclude>
    <ClInclude Include="Renderer\LowLevel\OpenGL\OpenGL.h">
      <Filter>Source Files\Graphics</Filter>
    </ClInclude>
  </ItemGroup>
</Project>